{
  "name": "abs_core",
  "version": "1.0.0",
  "lockfileVersion": 2,
  "requires": true,
  "packages": {
    "": {
      "version": "1.0.0",
      "license": "ISC",
      "dependencies": {
        "amcl-js": "file:../../../core/javascript"
      }
    },
    "../../../core/javascript": {
      "version": "3.0.0",
      "license": "Apache License 2.0",
      "dependencies": {
        "prompt": "^1.0.0"
      }
    },
    "node_modules/amcl-js": {
      "resolved": "../../../core/javascript",
      "link": true
    }
  },
  "dependencies": {
    "amcl-js": {
      "version": "file:../../../core/javascript",
      "requires": {
        "prompt": "^1.0.0"
      }
    }
  }
}
